
Microsoft Visual Studio Solution File, Format Version 12.00
# Visual Studio 14
VisualStudioVersion = 14.0.25420.1
MinimumVisualStudioVersion = 10.0.40219.1
Project("{FAE04EC0-301F-11D3-BF4B-00C04F79EFBC}") = "VentanaPrincipal1", "VentanaPrincipal1\VentanaPrincipal1.csproj", "{60C51EA2-7E8E-45F0-87C4-AA75A4165F28}"
EndProject
Global
	GlobalSection(SolutionConfigurationPlatforms) = preSolution
		Debug|Any CPU = Debug|Any CPU
		Release|Any CPU = Release|Any CPU
	EndGlobalSection
	GlobalSection(ProjectConfigurationPlatforms) = postSolution
		{60C51EA2-7E8E-45F0-87C4-AA75A4165F28}.Debug|Any CPU.ActiveCfg = Debug|Any CPU
		{60C51EA2-7E8E-45F0-87C4-AA75A4165F28}.Debug|Any CPU.Build.0 = Debug|Any CPU
		{60C51EA2-7E8E-45F0-87C4-AA75A4165F28}.Release|Any CPU.ActiveCfg = Release|Any CPU
		{60C51EA2-7E8E-45F0-87C4-AA75A4165F28}.Release|Any CPU.Build.0 = Release|Any CPU
	EndGlobalSection
	GlobalSection(SolutionProperties) = preSolution
		HideSolutionNode = FALSE
	EndGlobalSection
EndGlobal
